
Microsoft Visual Studio Solution File, Format Version 12.00
# Visual Studio Version 17
VisualStudioVersion = 17.4.33213.308
MinimumVisualStudioVersion = 10.0.40219.1
Project("{FAE04EC0-301F-11D3-BF4B-00C04F79EFBC}") = "Home_task_1", "Home_task_1\Home_task_1.csproj", "{AE7C0041-D105-4687-81FA-0C99A40C8F65}"
EndProject
Global
	GlobalSection(SolutionConfigurationPlatforms) = preSolution
		Debug|Any CPU = Debug|Any CPU
		Release|Any CPU = Release|Any CPU
	EndGlobalSection
	GlobalSection(ProjectConfigurationPlatforms) = postSolution
		{AE7C0041-D105-4687-81FA-0C99A40C8F65}.Debug|Any CPU.ActiveCfg = Debug|Any CPU
		{AE7C0041-D105-4687-81FA-0C99A40C8F65}.Debug|Any CPU.Build.0 = Debug|Any CPU
		{AE7C0041-D105-4687-81FA-0C99A40C8F65}.Release|Any CPU.ActiveCfg = Release|Any CPU
		{AE7C0041-D105-4687-81FA-0C99A40C8F65}.Release|Any CPU.Build.0 = Release|Any CPU
	EndGlobalSection
	GlobalSection(SolutionProperties) = preSolution
		HideSolutionNode = FALSE
	EndGlobalSection
	GlobalSection(ExtensibilityGlobals) = postSolution
		SolutionGuid = {A2DF9582-C825-485D-968A-3728D36D7044}
	EndGlobalSection
EndGlobal
